
Microsoft Visual Studio Solution File, Format Version 12.00
# Visual Studio 15
VisualStudioVersion = 15.0.28307.705
MinimumVisualStudioVersion = 10.0.40219.1
Project("{FAE04EC0-301F-11D3-BF4B-00C04F79EFBC}") = "Library.Web", "Library.Web\Library.Web.csproj", "{AA211ACE-AB2F-45C9-B2FA-93CCB42BCA76}"
EndProject
Project("{FAE04EC0-301F-11D3-BF4B-00C04F79EFBC}") = "Library.Domain", "Library.Domain\Library.Domain.csproj", "{45D8A972-C7A8-4DFF-BF6E-8B909D0A861F}"
EndProject
Project("{FAE04EC0-301F-11D3-BF4B-00C04F79EFBC}") = "Library.Desk", "Library.Desk\Library.Desk.csproj", "{6F73E973-4C96-4C37-B2A9-5F3F1BDAA0D2}"
EndProject
Project("{FAE04EC0-301F-11D3-BF4B-00C04F79EFBC}") = "Library.Helpers", "Library.Helpers\Library.Helpers.csproj", "{9ECCC15D-D128-4A6B-A282-F6A5B7DD6529}"
EndProject
Global
	GlobalSection(SolutionConfigurationPlatforms) = preSolution
		Debug|Any CPU = Debug|Any CPU
		Release|Any CPU = Release|Any CPU
	EndGlobalSection
	GlobalSection(ProjectConfigurationPlatforms) = postSolution
		{AA211ACE-AB2F-45C9-B2FA-93CCB42BCA76}.Debug|Any CPU.ActiveCfg = Debug|Any CPU
		{AA211ACE-AB2F-45C9-B2FA-93CCB42BCA76}.Debug|Any CPU.Build.0 = Debug|Any CPU
		{AA211ACE-AB2F-45C9-B2FA-93CCB42BCA76}.Release|Any CPU.ActiveCfg = Release|Any CPU
		{AA211ACE-AB2F-45C9-B2FA-93CCB42BCA76}.Release|Any CPU.Build.0 = Release|Any CPU
		{45D8A972-C7A8-4DFF-BF6E-8B909D0A861F}.Debug|Any CPU.ActiveCfg = Debug|Any CPU
		{45D8A972-C7A8-4DFF-BF6E-8B909D0A861F}.Debug|Any CPU.Build.0 = Debug|Any CPU
		{45D8A972-C7A8-4DFF-BF6E-8B909D0A861F}.Release|Any CPU.ActiveCfg = Release|Any CPU
		{45D8A972-C7A8-4DFF-BF6E-8B909D0A861F}.Release|Any CPU.Build.0 = Release|Any CPU
		{6F73E973-4C96-4C37-B2A9-5F3F1BDAA0D2}.Debug|Any CPU.ActiveCfg = Debug|Any CPU
		{6F73E973-4C96-4C37-B2A9-5F3F1BDAA0D2}.Debug|Any CPU.Build.0 = Debug|Any CPU
		{6F73E973-4C96-4C37-B2A9-5F3F1BDAA0D2}.Release|Any CPU.ActiveCfg = Release|Any CPU
		{6F73E973-4C96-4C37-B2A9-5F3F1BDAA0D2}.Release|Any CPU.Build.0 = Release|Any CPU
		{9ECCC15D-D128-4A6B-A282-F6A5B7DD6529}.Debug|Any CPU.ActiveCfg = Debug|Any CPU
		{9ECCC15D-D128-4A6B-A282-F6A5B7DD6529}.Debug|Any CPU.Build.0 = Debug|Any CPU
		{9ECCC15D-D128-4A6B-A282-F6A5B7DD6529}.Release|Any CPU.ActiveCfg = Release|Any CPU
		{9ECCC15D-D128-4A6B-A282-F6A5B7DD6529}.Release|Any CPU.Build.0 = Release|Any CPU
	EndGlobalSection
	GlobalSection(SolutionProperties) = preSolution
		HideSolutionNode = FALSE
	EndGlobalSection
	GlobalSection(ExtensibilityGlobals) = postSolution
		SolutionGuid = {02BEA338-C009-47A4-87FF-FE3C87CC1476}
	EndGlobalSection
EndGlobal
